// !$*UTF8*$!
{
	archiveVersion = 1;
	classes = {
	};
	objectVersion = 46;
	objects = {

/* Begin PBXBuildFile section */
		712D84851CC5C7F200A25D95 /* RemindTableViewController.swift in Sources */ = {isa = PBXBuildFile; fileRef = 712D84841CC5C7F200A25D95 /* RemindTableViewController.swift */; };
		712D84871CC5D19000A25D95 /* RemindCell.swift in Sources */ = {isa = PBXBuildFile; fileRef = 712D84861CC5D19000A25D95 /* RemindCell.swift */; };
		712D84891CC5D8CE00A25D95 /* AddReminderViewController.swift in Sources */ = {isa = PBXBuildFile; fileRef = 712D84881CC5D8CE00A25D95 /* AddReminderViewController.swift */; };
		712D848B1CC5F68B00A25D95 /* AddTextField.swift in Sources */ = {isa = PBXBuildFile; fileRef = 712D848A1CC5F68B00A25D95 /* AddTextField.swift */; };
		712D848D1CC60C4C00A25D95 /* AddInputCell.swift in Sources */ = {isa = PBXBuildFile; fileRef = 712D848C1CC60C4C00A25D95 /* AddInputCell.swift */; };
		712D848F1CC6198400A25D95 /* AddDetailCell.swift in Sources */ = {isa = PBXBuildFile; fileRef = 712D848E1CC6198400A25D95 /* AddDetailCell.swift */; };
		712D84911CC658E100A25D95 /* DatePickerView.swift in Sources */ = {isa = PBXBuildFile; fileRef = 712D84901CC658E100A25D95 /* DatePickerView.swift */; };
		712D84931CC671D800A25D95 /* RepeatPickerView.swift in Sources */ = {isa = PBXBuildFile; fileRef = 712D84921CC671D800A25D95 /* RepeatPickerView.swift */; };
		712D85661CC732E700A25D95 /* VoicePickerView.swift in Sources */ = {isa = PBXBuildFile; fileRef = 712D85651CC732E700A25D95 /* VoicePickerView.swift */; };
		712D85731CC7331400A25D95 /* 1.caf in Resources */ = {isa = PBXBuildFile; fileRef = 712D85691CC7331400A25D95 /* 1.caf */; };
		712D85741CC7331400A25D95 /* 2.caf in Resources */ = {isa = PBXBuildFile; fileRef = 712D856A1CC7331400A25D95 /* 2.caf */; };
		712D85751CC7331400A25D95 /* 3.caf in Resources */ = {isa = PBXBuildFile; fileRef = 712D856B1CC7331400A25D95 /* 3.caf */; };
		712D85761CC7331400A25D95 /* 4.caf in Resources */ = {isa = PBXBuildFile; fileRef = 712D856C1CC7331400A25D95 /* 4.caf */; };
		712D85771CC7331400A25D95 /* 5.caf in Resources */ = {isa = PBXBuildFile; fileRef = 712D856D1CC7331400A25D95 /* 5.caf */; };
		712D85781CC7331400A25D95 /* 6.caf in Resources */ = {isa = PBXBuildFile; fileRef = 712D856E1CC7331400A25D95 /* 6.caf */; };
		712D85791CC7331400A25D95 /* 7.caf in Resources */ = {isa = PBXBuildFile; fileRef = 712D856F1CC7331400A25D95 /* 7.caf */; };
		712D857A1CC7331400A25D95 /* 8.caf in Resources */ = {isa = PBXBuildFile; fileRef = 712D85701CC7331400A25D95 /* 8.caf */; };
		712D857B1CC7331400A25D95 /* 9.caf in Resources */ = {isa = PBXBuildFile; fileRef = 712D85711CC7331400A25D95 /* 9.caf */; };
		712D857C1CC7331400A25D95 /* 10.caf in Resources */ = {isa = PBXBuildFile; fileRef = 712D85721CC7331400A25D95 /* 10.caf */; };
		712D857E1CC7678300A25D95 /* Reminder.swift in Sources */ = {isa = PBXBuildFile; fileRef = 712D857D1CC7678300A25D95 /* Reminder.swift */; };
		7138DCB11CDAE5F6005149B8 /* DrinkViewController.swift in Sources */ = {isa = PBXBuildFile; fileRef = 7138DCB01CDAE5F6005149B8 /* DrinkViewController.swift */; };
		719A583D1CDCCCD400D26B5B /* lovewater.jpg in Resources */ = {isa = PBXBuildFile; fileRef = 719A583C1CDCCCD400D26B5B /* lovewater.jpg */; };
		719A58481CDCDF0800D26B5B /* 1.png in Resources */ = {isa = PBXBuildFile; fileRef = 719A58401CDCDF0800D26B5B /* 1.png */; };
		719A58491CDCDF0800D26B5B /* 2.png in Resources */ = {isa = PBXBuildFile; fileRef = 719A58411CDCDF0800D26B5B /* 2.png */; };
		719A584A1CDCDF0800D26B5B /* 3.png in Resources */ = {isa = PBXBuildFile; fileRef = 719A58421CDCDF0800D26B5B /* 3.png */; };
		719A584B1CDCDF0800D26B5B /* 4.png in Resources */ = {isa = PBXBuildFile; fileRef = 719A58431CDCDF0800D26B5B /* 4.png */; };
		719A584C1CDCDF0800D26B5B /* 5.png in Resources */ = {isa = PBXBuildFile; fileRef = 719A58441CDCDF0800D26B5B /* 5.png */; };
		719A584D1CDCDF0800D26B5B /* 6.png in Resources */ = {isa = PBXBuildFile; fileRef = 719A58451CDCDF0800D26B5B /* 6.png */; };
		719A584E1CDCDF0800D26B5B /* 7.png in Resources */ = {isa = PBXBuildFile; fileRef = 719A58461CDCDF0800D26B5B /* 7.png */; };
		719A584F1CDCDF0800D26B5B /* 8.png in Resources */ = {isa = PBXBuildFile; fileRef = 719A58471CDCDF0800D26B5B /* 8.png */; };
		71A405911CCDAF6B009ACDF6 /* MenuViewController.swift in Sources */ = {isa = PBXBuildFile; fileRef = 71A405901CCDAF6B009ACDF6 /* MenuViewController.swift */; };
		71A405931CCDC3CD009ACDF6 /* MenuCell.swift in Sources */ = {isa = PBXBuildFile; fileRef = 71A405921CCDC3CD009ACDF6 /* MenuCell.swift */; };
		71A405D51CCDEA92009ACDF6 /* TitleView.swift in Sources */ = {isa = PBXBuildFile; fileRef = 71A405D41CCDEA92009ACDF6 /* TitleView.swift */; };
		71A406571CCEEF25009ACDF6 /* DrinktipsTableViewController.swift in Sources */ = {isa = PBXBuildFile; fileRef = 71A406561CCEEF25009ACDF6 /* DrinktipsTableViewController.swift */; };
		71A4065B1CCEF0CA009ACDF6 /* FoldingCell.swift in Sources */ = {isa = PBXBuildFile; fileRef = 71A4065A1CCEF0CA009ACDF6 /* FoldingCell.swift */; };
		71A4065D1CCEF293009ACDF6 /* DrinktipsCell.swift in Sources */ = {isa = PBXBuildFile; fileRef = 71A4065C1CCEF293009ACDF6 /* DrinktipsCell.swift */; };
		71A406991CCF03CB009ACDF6 /* drinktips.plist in Resources */ = {isa = PBXBuildFile; fileRef = 71A406981CCF03CB009ACDF6 /* drinktips.plist */; };
		71B2014C1CCC6EFF00404383 /* NotificationManager.swift in Sources */ = {isa = PBXBuildFile; fileRef = 71B2014B1CCC6EFF00404383 /* NotificationManager.swift */; };
		71BF06191CC4718F003DF13C /* AppDelegate.swift in Sources */ = {isa = PBXBuildFile; fileRef = 71BF06181CC4718F003DF13C /* AppDelegate.swift */; };
		71BF061B1CC4718F003DF13C /* HomeViewController.swift in Sources */ = {isa = PBXBuildFile; fileRef = 71BF061A1CC4718F003DF13C /* HomeViewController.swift */; };
		71BF06201CC4718F003DF13C /* Assets.xcassets in Resources */ = {isa = PBXBuildFile; fileRef = 71BF061F1CC4718F003DF13C /* Assets.xcassets */; };
		71BF06231CC4718F003DF13C /* LaunchScreen.storyboard in Resources */ = {isa = PBXBuildFile; fileRef = 71BF06211CC4718F003DF13C /* LaunchScreen.storyboard */; };
		71BF062E1CC4718F003DF13C /* DrinkClockTests.swift in Sources */ = {isa = PBXBuildFile; fileRef = 71BF062D1CC4718F003DF13C /* DrinkClockTests.swift */; };
		71BF06391CC4718F003DF13C /* DrinkClockUITests.swift in Sources */ = {isa = PBXBuildFile; fileRef = 71BF06381CC4718F003DF13C /* DrinkClockUITests.swift */; };
		71BF064A1CC479B9003DF13C /* UIBarButtonItem+Category.swift in Sources */ = {isa = PBXBuildFile; fileRef = 71BF06491CC479B9003DF13C /* UIBarButtonItem+Category.swift */; };
		71BF064C1CC47D04003DF13C /* NavigationController.swift in Sources */ = {isa = PBXBuildFile; fileRef = 71BF064B1CC47D04003DF13C /* NavigationController.swift */; };
		71BF064E1CC47D70003DF13C /* NavigationBar.swift in Sources */ = {isa = PBXBuildFile; fileRef = 71BF064D1CC47D70003DF13C /* NavigationBar.swift */; };
		71BF06501CC4AFA9003DF13C /* InfoViewController.swift in Sources */ = {isa = PBXBuildFile; fileRef = 71BF064F1CC4AFA9003DF13C /* InfoViewController.swift */; };
		71BF06541CC4C9D5003DF13C /* Glober-SemiBold.ttf in Resources */ = {isa = PBXBuildFile; fileRef = 71BF06521CC4C9D5003DF13C /* Glober-SemiBold.ttf */; };
		71BF06551CC4C9D5003DF13C /* Glober-xBold.ttf in Resources */ = {isa = PBXBuildFile; fileRef = 71BF06531CC4C9D5003DF13C /* Glober-xBold.ttf */; };
		71BF06571CC4CF17003DF13C /* UIImage+Category.swift in Sources */ = {isa = PBXBuildFile; fileRef = 71BF06561CC4CF17003DF13C /* UIImage+Category.swift */; };
		71BF06AC1CC51E65003DF13C /* Constant.swift in Sources */ = {isa = PBXBuildFile; fileRef = 71BF06AB1CC51E65003DF13C /* Constant.swift */; };
		71BF06AE1CC522BF003DF13C /* drinkInfo.plist in Resources */ = {isa = PBXBuildFile; fileRef = 71BF06AD1CC522BF003DF13C /* drinkInfo.plist */; };
		71BF06B01CC52F08003DF13C /* TitleSwitchView.swift in Sources */ = {isa = PBXBuildFile; fileRef = 71BF06AF1CC52F08003DF13C /* TitleSwitchView.swift */; };
		71D3A8761CCF3A990054FCA4 /* GardenTableViewController.swift in Sources */ = {isa = PBXBuildFile; fileRef = 71D3A8751CCF3A990054FCA4 /* GardenTableViewController.swift */; };
		71D3A87F1CCF5AD30054FCA4 /* GardenCell.swift in Sources */ = {isa = PBXBuildFile; fileRef = 71D3A87E1CCF5AD30054FCA4 /* GardenCell.swift */; };
		71D3A8BB1CCF5F720054FCA4 /* garden.plist in Resources */ = {isa = PBXBuildFile; fileRef = 71D3A8BA1CCF5F720054FCA4 /* garden.plist */; };
		71D3A8BF1CD833D50054FCA4 /* PlanViewController.swift in Sources */ = {isa = PBXBuildFile; fileRef = 71D3A8BE1CD833D50054FCA4 /* PlanViewController.swift */; };
		71D3A8C11CD833FC0054FCA4 /* main.storyboard in Resources */ = {isa = PBXBuildFile; fileRef = 71D3A8C01CD833FC0054FCA4 /* main.storyboard */; };
		71EE5E5A1CE42F3700CBC444 /* sound.plist in Resources */ = {isa = PBXBuildFile; fileRef = 71EE5E591CE42F3700CBC444 /* sound.plist */; };
		BDBB177BDF0B41F84EA0D798 /* Pods.framework in Frameworks */ = {isa = PBXBuildFile; fileRef = 22C53718AFB4048BA22B0D82 /* Pods.framework */; };
/* End PBXBuildFile section */

/* Begin PBXContainerItemProxy section */
		71BF062A1CC4718F003DF13C /* PBXContainerItemProxy */ = {
			isa = PBXContainerItemProxy;
			containerPortal = 71BF060D1CC4718F003DF13C /* Project object */;
			proxyType = 1;
			remoteGlobalIDString = 71BF06141CC4718F003DF13C;
			remoteInfo = DrinkClock;
		};
		71BF06351CC4718F003DF13C /* PBXContainerItemProxy */ = {
			isa = PBXContainerItemProxy;
			containerPortal = 71BF060D1CC4718F003DF13C /* Project object */;
			proxyType = 1;
			remoteGlobalIDString = 71BF06141CC4718F003DF13C;
			remoteInfo = DrinkClock;
		};
/* End PBXContainerItemProxy section */

/* Begin PBXCopyFilesBuildPhase section */
		71C623511CDAD7C20057DC7E /* Embed App Extensions */ = {
			isa = PBXCopyFilesBuildPhase;
			buildActionMask = 2147483647;
			dstPath = "";
			dstSubfolderSpec = 13;
			files = (
			);
			name = "Embed App Extensions";
			runOnlyForDeploymentPostprocessing = 0;
		};
/* End PBXCopyFilesBuildPhase section */

/* Begin PBXFileReference section */
		03B32D764B6B2F745903BA80 /* Pods.release.xcconfig */ = {isa = PBXFileReference; includeInIndex = 1; lastKnownFileType = text.xcconfig; name = Pods.release.xcconfig; path = "Pods/Target Support Files/Pods/Pods.release.xcconfig"; sourceTree = "<group>"; };
		22C53718AFB4048BA22B0D82 /* Pods.framework */ = {isa = PBXFileReference; explicitFileType = wrapper.framework; includeInIndex = 0; path = Pods.framework; sourceTree = BUILT_PRODUCTS_DIR; };
		712D84841CC5C7F200A25D95 /* RemindTableViewController.swift */ = {isa = PBXFileReference; fileEncoding = 4; lastKnownFileType = sourcecode.swift; name = RemindTableViewController.swift; path = ../RemindTableViewController.swift; sourceTree = "<group>"; };
		712D84861CC5D19000A25D95 /* RemindCell.swift */ = {isa = PBXFileReference; fileEncoding = 4; lastKnownFileType = sourcecode.swift; name = RemindCell.swift; path = ../RemindCell.swift; sourceTree = "<group>"; };
		712D84881CC5D8CE00A25D95 /* AddReminderViewController.swift */ = {isa = PBXFileReference; fileEncoding = 4; lastKnownFileType = sourcecode.swift; name = AddReminderViewController.swift; path = ../AddReminderViewController.swift; sourceTree = "<group>"; };
		712D848A1CC5F68B00A25D95 /* AddTextField.swift */ = {isa = PBXFileReference; fileEncoding = 4; lastKnownFileType = sourcecode.swift; name = AddTextField.swift; path = ../AddTextField.swift; sourceTree = "<group>"; };
		712D848C1CC60C4C00A25D95 /* AddInputCell.swift */ = {isa = PBXFileReference; fileEncoding = 4; lastKnownFileType = sourcecode.swift; name = AddInputCell.swift; path = ../AddInputCell.swift; sourceTree = "<group>"; };
		712D848E1CC6198400A25D95 /* AddDetailCell.swift */ = {isa = PBXFileReference; fileEncoding = 4; lastKnownFileType = sourcecode.swift; name = AddDetailCell.swift; path = ../AddDetailCell.swift; sourceTree = "<group>"; };
		712D84901CC658E100A25D95 /* DatePickerView.swift */ = {isa = PBXFileReference; fileEncoding = 4; lastKnownFileType = sourcecode.swift; name = DatePickerView.swift; path = ../DatePickerView.swift; sourceTree = "<group>"; };
		712D84921CC671D800A25D95 /* RepeatPickerView.swift */ = {isa = PBXFileReference; fileEncoding = 4; lastKnownFileType = sourcecode.swift; name = RepeatPickerView.swift; path = ../RepeatPickerView.swift; sourceTree = "<group>"; };
		712D85651CC732E700A25D95 /* VoicePickerView.swift */ = {isa = PBXFileReference; fileEncoding = 4; lastKnownFileType = sourcecode.swift; name = VoicePickerView.swift; path = ../VoicePickerView.swift; sourceTree = "<group>"; };
		712D85691CC7331400A25D95 /* 1.caf */ = {isa = PBXFileReference; lastKnownFileType = file; path = 1.caf; sourceTree = "<group>"; };
		712D856A1CC7331400A25D95 /* 2.caf */ = {isa = PBXFileReference; lastKnownFileType = file; path = 2.caf; sourceTree = "<group>"; };
		712D856B1CC7331400A25D95 /* 3.caf */ = {isa = PBXFileReference; lastKnownFileType = file; path = 3.caf; sourceTree = "<group>"; };
		712D856C1CC7331400A25D95 /* 4.caf */ = {isa = PBXFileReference; lastKnownFileType = file; path = 4.caf; sourceTree = "<group>"; };
		712D856D1CC7331400A25D95 /* 5.caf */ = {isa = PBXFileReference; lastKnownFileType = file; path = 5.caf; sourceTree = "<group>"; };
		712D856E1CC7331400A25D95 /* 6.caf */ = {isa = PBXFileReference; lastKnownFileType = file; path = 6.caf; sourceTree = "<group>"; };
		712D856F1CC7331400A25D95 /* 7.caf */ = {isa = PBXFileReference; lastKnownFileType = file; path = 7.caf; sourceTree = "<group>"; };
		712D85701CC7331400A25D95 /* 8.caf */ = {isa = PBXFileReference; lastKnownFileType = file; path = 8.caf; sourceTree = "<group>"; };
		712D85711CC7331400A25D95 /* 9.caf */ = {isa = PBXFileReference; lastKnownFileType = file; path = 9.caf; sourceTree = "<group>"; };
		712D85721CC7331400A25D95 /* 10.caf */ = {isa = PBXFileReference; lastKnownFileType = file; path = 10.caf; sourceTree = "<group>"; };
		712D857D1CC7678300A25D95 /* Reminder.swift */ = {isa = PBXFileReference; fileEncoding = 4; lastKnownFileType = sourcecode.swift; name = Reminder.swift; path = ../Reminder.swift; sourceTree = "<group>"; };
		7138DCB01CDAE5F6005149B8 /* DrinkViewController.swift */ = {isa = PBXFileReference; fileEncoding = 4; lastKnownFileType = sourcecode.swift; path = DrinkViewController.swift; sourceTree = "<group>"; };
		719A583C1CDCCCD400D26B5B /* lovewater.jpg */ = {isa = PBXFileReference; lastKnownFileType = image.jpeg; path = lovewater.jpg; sourceTree = "<group>"; };
		719A58401CDCDF0800D26B5B /* 1.png */ = {isa = PBXFileReference; lastKnownFileType = image.png; path = 1.png; sourceTree = "<group>"; };
		719A58411CDCDF0800D26B5B /* 2.png */ = {isa = PBXFileReference; lastKnownFileType = image.png; path = 2.png; sourceTree = "<group>"; };
		719A58421CDCDF0800D26B5B /* 3.png */ = {isa = PBXFileReference; lastKnownFileType = image.png; path = 3.png; sourceTree = "<group>"; };
		719A58431CDCDF0800D26B5B /* 4.png */ = {isa = PBXFileReference; lastKnownFileType = image.png; path = 4.png; sourceTree = "<group>"; };
		719A58441CDCDF0800D26B5B /* 5.png */ = {isa = PBXFileReference; lastKnownFileType = image.png; path = 5.png; sourceTree = "<group>"; };
		719A58451CDCDF0800D26B5B /* 6.png */ = {isa = PBXFileReference; lastKnownFileType = image.png; path = 6.png; sourceTree = "<group>"; };
		719A58461CDCDF0800D26B5B /* 7.png */ = {isa = PBXFileReference; lastKnownFileType = image.png; path = 7.png; sourceTree = "<group>"; };
		719A58471CDCDF0800D26B5B /* 8.png */ = {isa = PBXFileReference; lastKnownFileType = image.png; path = 8.png; sourceTree = "<group>"; };
		71A405901CCDAF6B009ACDF6 /* MenuViewController.swift */ = {isa = PBXFileReference; fileEncoding = 4; lastKnownFileType = sourcecode.swift; path = MenuViewController.swift; sourceTree = "<group>"; };
		71A405921CCDC3CD009ACDF6 /* MenuCell.swift */ = {isa = PBXFileReference; fileEncoding = 4; lastKnownFileType = sourcecode.swift; path = MenuCell.swift; sourceTree = "<group>"; };
		71A405D41CCDEA92009ACDF6 /* TitleView.swift */ = {isa = PBXFileReference; fileEncoding = 4; lastKnownFileType = sourcecode.swift; path = TitleView.swift; sourceTree = "<group>"; };
		71A406561CCEEF25009ACDF6 /* DrinktipsTableViewController.swift */ = {isa = PBXFileReference; fileEncoding = 4; lastKnownFileType = sourcecode.swift; path = DrinktipsTableViewController.swift; sourceTree = "<group>"; };
		71A4065A1CCEF0CA009ACDF6 /* FoldingCell.swift */ = {isa = PBXFileReference; fileEncoding = 4; lastKnownFileType = sourcecode.swift; path = FoldingCell.swift; sourceTree = "<group>"; };
		71A4065C1CCEF293009ACDF6 /* DrinktipsCell.swift */ = {isa = PBXFileReference; fileEncoding = 4; lastKnownFileType = sourcecode.swift; path = DrinktipsCell.swift; sourceTree = "<group>"; };
		71A406981CCF03CB009ACDF6 /* drinktips.plist */ = {isa = PBXFileReference; fileEncoding = 4; lastKnownFileType = text.plist.xml; path = drinktips.plist; sourceTree = "<group>"; };
		71B200CB1CC9156D00404383 /* libsqlite3.0.tbd */ = {isa = PBXFileReference; lastKnownFileType = "sourcecode.text-based-dylib-definition"; name = libsqlite3.0.tbd; path = usr/lib/libsqlite3.0.tbd; sourceTree = SDKROOT; };
		71B2014B1CCC6EFF00404383 /* NotificationManager.swift */ = {isa = PBXFileReference; fileEncoding = 4; lastKnownFileType = sourcecode.swift; path = NotificationManager.swift; sourceTree = "<group>"; };
		71BF06151CC4718F003DF13C /* DrinkClock.app */ = {isa = PBXFileReference; explicitFileType = wrapper.application; includeInIndex = 0; path = DrinkClock.app; sourceTree = BUILT_PRODUCTS_DIR; };
		71BF06181CC4718F003DF13C /* AppDelegate.swift */ = {isa = PBXFileReference; lastKnownFileType = sourcecode.swift; path = AppDelegate.swift; sourceTree = "<group>"; };
		71BF061A1CC4718F003DF13C /* HomeViewController.swift */ = {isa = PBXFileReference; lastKnownFileType = sourcecode.swift; name = HomeViewController.swift; path = ../../HomeViewController.swift; sourceTree = "<group>"; };
		71BF061F1CC4718F003DF13C /* Assets.xcassets */ = {isa = PBXFileReference; lastKnownFileType = folder.assetcatalog; path = Assets.xcassets; sourceTree = "<group>"; };
		71BF06221CC4718F003DF13C /* Base */ = {isa = PBXFileReference; lastKnownFileType = file.storyboard; name = Base; path = Base.lproj/LaunchScreen.storyboard; sourceTree = "<group>"; };
		71BF06241CC4718F003DF13C /* Info.plist */ = {isa = PBXFileReference; lastKnownFileType = text.plist.xml; path = Info.plist; sourceTree = "<group>"; };
		71BF06291CC4718F003DF13C /* DrinkClockTests.xctest */ = {isa = PBXFileReference; explicitFileType = wrapper.cfbundle; includeInIndex = 0; path = DrinkClockTests.xctest; sourceTree = BUILT_PRODUCTS_DIR; };
		71BF062D1CC4718F003DF13C /* DrinkClockTests.swift */ = {isa = PBXFileReference; lastKnownFileType = sourcecode.swift; path = DrinkClockTests.swift; sourceTree = "<group>"; };
		71BF062F1CC4718F003DF13C /* Info.plist */ = {isa = PBXFileReference; lastKnownFileType = text.plist.xml; path = Info.plist; sourceTree = "<group>"; };
		71BF06341CC4718F003DF13C /* DrinkClockUITests.xctest */ = {isa = PBXFileReference; explicitFileType = wrapper.cfbundle; includeInIndex = 0; path = DrinkClockUITests.xctest; sourceTree = BUILT_PRODUCTS_DIR; };
		71BF06381CC4718F003DF13C /* DrinkClockUITests.swift */ = {isa = PBXFileReference; lastKnownFileType = sourcecode.swift; path = DrinkClockUITests.swift; sourceTree = "<group>"; };
		71BF063A1CC4718F003DF13C /* Info.plist */ = {isa = PBXFileReference; lastKnownFileType = text.plist.xml; path = Info.plist; sourceTree = "<group>"; };
		71BF06491CC479B9003DF13C /* UIBarButtonItem+Category.swift */ = {isa = PBXFileReference; fileEncoding = 4; lastKnownFileType = sourcecode.swift; path = "UIBarButtonItem+Category.swift"; sourceTree = "<group>"; };
		71BF064B1CC47D04003DF13C /* NavigationController.swift */ = {isa = PBXFileReference; fileEncoding = 4; lastKnownFileType = sourcecode.swift; name = NavigationController.swift; path = ../NavigationController.swift; sourceTree = "<group>"; };
		71BF064D1CC47D70003DF13C /* NavigationBar.swift */ = {isa = PBXFileReference; fileEncoding = 4; lastKnownFileType = sourcecode.swift; name = NavigationBar.swift; path = ../NavigationBar.swift; sourceTree = "<group>"; };
		71BF064F1CC4AFA9003DF13C /* InfoViewController.swift */ = {isa = PBXFileReference; fileEncoding = 4; lastKnownFileType = sourcecode.swift; name = InfoViewController.swift; path = ../InfoViewController.swift; sourceTree = "<group>"; };
		71BF06521CC4C9D5003DF13C /* Glober-SemiBold.ttf */ = {isa = PBXFileReference; lastKnownFileType = file; path = "Glober-SemiBold.ttf"; sourceTree = "<group>"; };
		71BF06531CC4C9D5003DF13C /* Glober-xBold.ttf */ = {isa = PBXFileReference; lastKnownFileType = file; path = "Glober-xBold.ttf"; sourceTree = "<group>"; };
		71BF06561CC4CF17003DF13C /* UIImage+Category.swift */ = {isa = PBXFileReference; fileEncoding = 4; lastKnownFileType = sourcecode.swift; path = "UIImage+Category.swift"; sourceTree = "<group>"; };
		71BF06AB1CC51E65003DF13C /* Constant.swift */ = {isa = PBXFileReference; fileEncoding = 4; lastKnownFileType = sourcecode.swift; name = Constant.swift; path = Classes/Constant.swift; sourceTree = "<group>"; };
		71BF06AD1CC522BF003DF13C /* drinkInfo.plist */ = {isa = PBXFileReference; fileEncoding = 4; lastKnownFileType = text.plist.xml; path = drinkInfo.plist; sourceTree = "<group>"; };
		71BF06AF1CC52F08003DF13C /* TitleSwitchView.swift */ = {isa = PBXFileReference; fileEncoding = 4; lastKnownFileType = sourcecode.swift; name = TitleSwitchView.swift; path = ../TitleSwitchView.swift; sourceTree = "<group>"; };
		71C623411CDAD7C20057DC7E /* NotificationCenter.framework */ = {isa = PBXFileReference; lastKnownFileType = wrapper.framework; name = NotificationCenter.framework; path = System/Library/Frameworks/NotificationCenter.framework; sourceTree = SDKROOT; };
		71D3A8751CCF3A990054FCA4 /* GardenTableViewController.swift */ = {isa = PBXFileReference; fileEncoding = 4; lastKnownFileType = sourcecode.swift; path = GardenTableViewController.swift; sourceTree = "<group>"; };
		71D3A87E1CCF5AD30054FCA4 /* GardenCell.swift */ = {isa = PBXFileReference; fileEncoding = 4; lastKnownFileType = sourcecode.swift; path = GardenCell.swift; sourceTree = "<group>"; };
		71D3A8BA1CCF5F720054FCA4 /* garden.plist */ = {isa = PBXFileReference; fileEncoding = 4; lastKnownFileType = text.plist.xml; path = garden.plist; sourceTree = "<group>"; };
		71D3A8BE1CD833D50054FCA4 /* PlanViewController.swift */ = {isa = PBXFileReference; fileEncoding = 4; lastKnownFileType = sourcecode.swift; path = PlanViewController.swift; sourceTree = "<group>"; };
		71D3A8C01CD833FC0054FCA4 /* main.storyboard */ = {isa = PBXFileReference; fileEncoding = 4; lastKnownFileType = file.storyboard; path = main.storyboard; sourceTree = "<group>"; };
		71EE5E591CE42F3700CBC444 /* sound.plist */ = {isa = PBXFileReference; lastKnownFileType = file.bplist; path = sound.plist; sourceTree = "<group>"; };
		FC198A806AF2E7EFA3E8BBD1 /* Pods.debug.xcconfig */ = {isa = PBXFileReference; includeInIndex = 1; lastKnownFileType = text.xcconfig; name = Pods.debug.xcconfig; path = "Pods/Target Support Files/Pods/Pods.debug.xcconfig"; sourceTree = "<group>"; };
/* End PBXFileReference section */

/* Begin PBXFrameworksBuildPhase section */
		71BF06121CC4718F003DF13C /* Frameworks */ = {
			isa = PBXFrameworksBuildPhase;
			buildActionMask = 2147483647;
			files = (
				BDBB177BDF0B41F84EA0D798 /* Pods.framework in Frameworks */,
			);
			runOnlyForDeploymentPostprocessing = 0;
		};
		71BF06261CC4718F003DF13C /* Frameworks */ = {
			isa = PBXFrameworksBuildPhase;
			buildActionMask = 2147483647;
			files = (
			);
			runOnlyForDeploymentPostprocessing = 0;
		};
		71BF06311CC4718F003DF13C /* Frameworks */ = {
			isa = PBXFrameworksBuildPhase;
			buildActionMask = 2147483647;
			files = (
			);
			runOnlyForDeploymentPostprocessing = 0;
		};
/* End PBXFrameworksBuildPhase section */

/* Begin PBXGroup section */
		5538CE75F3578D494A6ABCDC /* Frameworks */ = {
			isa = PBXGroup;
			children = (
				71B200CB1CC9156D00404383 /* libsqlite3.0.tbd */,
				22C53718AFB4048BA22B0D82 /* Pods.framework */,
				71C623411CDAD7C20057DC7E /* NotificationCenter.framework */,
			);
			name = Frameworks;
			sourceTree = "<group>";
		};
		712D85671CC732F200A25D95 /* Image */ = {
			isa = PBXGroup;
			children = (
				719A58401CDCDF0800D26B5B /* 1.png */,
				719A58411CDCDF0800D26B5B /* 2.png */,
				719A58421CDCDF0800D26B5B /* 3.png */,
				719A58431CDCDF0800D26B5B /* 4.png */,
				719A58441CDCDF0800D26B5B /* 5.png */,
				719A58451CDCDF0800D26B5B /* 6.png */,
				719A58461CDCDF0800D26B5B /* 7.png */,
				719A58471CDCDF0800D26B5B /* 8.png */,
			);
			name = Image;
			sourceTree = "<group>";
		};
		712D85681CC7330000A25D95 /* Audio */ = {
			isa = PBXGroup;
			children = (
				712D85691CC7331400A25D95 /* 1.caf */,
				712D856A1CC7331400A25D95 /* 2.caf */,
				712D856B1CC7331400A25D95 /* 3.caf */,
				712D856C1CC7331400A25D95 /* 4.caf */,
				712D856D1CC7331400A25D95 /* 5.caf */,
				712D856E1CC7331400A25D95 /* 6.caf */,
				712D856F1CC7331400A25D95 /* 7.caf */,
				712D85701CC7331400A25D95 /* 8.caf */,
				712D85711CC7331400A25D95 /* 9.caf */,
				712D85721CC7331400A25D95 /* 10.caf */,
			);
			name = Audio;
			sourceTree = "<group>";
		};
		712D85C31CC8BA1400A25D95 /* View */ = {
			isa = PBXGroup;
			children = (
				712D85651CC732E700A25D95 /* VoicePickerView.swift */,
				712D84921CC671D800A25D95 /* RepeatPickerView.swift */,
				712D84901CC658E100A25D95 /* DatePickerView.swift */,
				712D848E1CC6198400A25D95 /* AddDetailCell.swift */,
				712D848C1CC60C4C00A25D95 /* AddInputCell.swift */,
				712D848A1CC5F68B00A25D95 /* AddTextField.swift */,
				712D84861CC5D19000A25D95 /* RemindCell.swift */,
				71BF064D1CC47D70003DF13C /* NavigationBar.swift */,
				71BF06AF1CC52F08003DF13C /* TitleSwitchView.swift */,
				71A405921CCDC3CD009ACDF6 /* MenuCell.swift */,
				71A405D41CCDEA92009ACDF6 /* TitleView.swift */,
				71A4065C1CCEF293009ACDF6 /* DrinktipsCell.swift */,
				71D3A87E1CCF5AD30054FCA4 /* GardenCell.swift */,
			);
			path = View;
			sourceTree = "<group>";
		};
		712D85C41CC8BA1C00A25D95 /* Controller */ = {
			isa = PBXGroup;
			children = (
				712D84881CC5D8CE00A25D95 /* AddReminderViewController.swift */,
				712D84841CC5C7F200A25D95 /* RemindTableViewController.swift */,
				7138DCB01CDAE5F6005149B8 /* DrinkViewController.swift */,
				71BF064F1CC4AFA9003DF13C /* InfoViewController.swift */,
				71BF061A1CC4718F003DF13C /* HomeViewController.swift */,
				71BF064B1CC47D04003DF13C /* NavigationController.swift */,
				71A405901CCDAF6B009ACDF6 /* MenuViewController.swift */,
				71D3A8BE1CD833D50054FCA4 /* PlanViewController.swift */,
				71A406561CCEEF25009ACDF6 /* DrinktipsTableViewController.swift */,
				71D3A8751CCF3A990054FCA4 /* GardenTableViewController.swift */,
				71D3A8C01CD833FC0054FCA4 /* main.storyboard */,
			);
			path = Controller;
			sourceTree = "<group>";
		};
		712D85C51CC8BA2400A25D95 /* Model */ = {
			isa = PBXGroup;
			children = (
				712D857D1CC7678300A25D95 /* Reminder.swift */,
			);
			path = Model;
			sourceTree = "<group>";
		};
		71BF060C1CC4718F003DF13C = {
			isa = PBXGroup;
			children = (
				71BF06171CC4718F003DF13C /* DrinkClock */,
				71BF062C1CC4718F003DF13C /* DrinkClockTests */,
				71BF06371CC4718F003DF13C /* DrinkClockUITests */,
				71BF06161CC4718F003DF13C /* Products */,
				87BFE27260BA79BB3A081CE1 /* Pods */,
				5538CE75F3578D494A6ABCDC /* Frameworks */,
			);
			sourceTree = "<group>";
		};
		71BF06161CC4718F003DF13C /* Products */ = {
			isa = PBXGroup;
			children = (
				71BF06151CC4718F003DF13C /* DrinkClock.app */,
				71BF06291CC4718F003DF13C /* DrinkClockTests.xctest */,
				71BF06341CC4718F003DF13C /* DrinkClockUITests.xctest */,
			);
			name = Products;
			sourceTree = "<group>";
		};
		71BF06171CC4718F003DF13C /* DrinkClock */ = {
			isa = PBXGroup;
			children = (
				71BF06181CC4718F003DF13C /* AppDelegate.swift */,
				71B2014B1CCC6EFF00404383 /* NotificationManager.swift */,
				71A4065A1CCEF0CA009ACDF6 /* FoldingCell.swift */,
				71BF06AB1CC51E65003DF13C /* Constant.swift */,
				71BF06511CC4C9BD003DF13C /* Font */,
				71BF06461CC4793F003DF13C /* Categroy */,
				71BF06471CC4794D003DF13C /* Classes */,
				71BF06481CC47955003DF13C /* Other */,
				71BF061F1CC4718F003DF13C /* Assets.xcassets */,
				71BF06211CC4718F003DF13C /* LaunchScreen.storyboard */,
				71BF06241CC4718F003DF13C /* Info.plist */,
			);
			path = DrinkClock;
			sourceTree = "<group>";
		};
		71BF062C1CC4718F003DF13C /* DrinkClockTests */ = {
			isa = PBXGroup;
			children = (
				71BF062D1CC4718F003DF13C /* DrinkClockTests.swift */,
				71BF062F1CC4718F003DF13C /* Info.plist */,
			);
			path = DrinkClockTests;
			sourceTree = "<group>";
		};
		71BF06371CC4718F003DF13C /* DrinkClockUITests */ = {
			isa = PBXGroup;
			children = (
				71BF06381CC4718F003DF13C /* DrinkClockUITests.swift */,
				71BF063A1CC4718F003DF13C /* Info.plist */,
			);
			path = DrinkClockUITests;
			sourceTree = "<group>";
		};
		71BF06461CC4793F003DF13C /* Categroy */ = {
			isa = PBXGroup;
			children = (
				71BF06491CC479B9003DF13C /* UIBarButtonItem+Category.swift */,
				71BF06561CC4CF17003DF13C /* UIImage+Category.swift */,
			);
			path = Categroy;
			sourceTree = "<group>";
		};
		71BF06471CC4794D003DF13C /* Classes */ = {
			isa = PBXGroup;
			children = (
				712D85C51CC8BA2400A25D95 /* Model */,
				712D85C41CC8BA1C00A25D95 /* Controller */,
				712D85C31CC8BA1400A25D95 /* View */,
			);
			path = Classes;
			sourceTree = "<group>";
		};
		71BF06481CC47955003DF13C /* Other */ = {
			isa = PBXGroup;
			children = (
				719A583C1CDCCCD400D26B5B /* lovewater.jpg */,
				71D3A8BA1CCF5F720054FCA4 /* garden.plist */,
				71A406981CCF03CB009ACDF6 /* drinktips.plist */,
				71EE5E591CE42F3700CBC444 /* sound.plist */,
				71BF06AD1CC522BF003DF13C /* drinkInfo.plist */,
				712D85681CC7330000A25D95 /* Audio */,
				712D85671CC732F200A25D95 /* Image */,
			);
			path = Other;
			sourceTree = "<group>";
		};
		71BF06511CC4C9BD003DF13C /* Font */ = {
			isa = PBXGroup;
			children = (
				71BF06521CC4C9D5003DF13C /* Glober-SemiBold.ttf */,
				71BF06531CC4C9D5003DF13C /* Glober-xBold.ttf */,
			);
			name = Font;
			sourceTree = "<group>";
		};
		87BFE27260BA79BB3A081CE1 /* Pods */ = {
			isa = PBXGroup;
			children = (
				FC198A806AF2E7EFA3E8BBD1 /* Pods.debug.xcconfig */,
				03B32D764B6B2F745903BA80 /* Pods.release.xcconfig */,
			);
			name = Pods;
			sourceTree = "<group>";
		};
/* End PBXGroup section */

/* Begin PBXNativeTarget section */
		71BF06141CC4718F003DF13C /* DrinkClock */ = {
			isa = PBXNativeTarget;
			buildConfigurationList = 71BF063D1CC4718F003DF13C /* Build configuration list for PBXNativeTarget "DrinkClock" */;
			buildPhases = (
				4E40FAD4B692488604FB5BD5 /* Check Pods Manifest.lock */,
				71BF06111CC4718F003DF13C /* Sources */,
				71BF06121CC4718F003DF13C /* Frameworks */,
				71BF06131CC4718F003DF13C /* Resources */,
				D23E96DC59883A56E98EE495 /* Embed Pods Frameworks */,
				506C8BB7B95B2DE35CEB0744 /* Copy Pods Resources */,
				71C623511CDAD7C20057DC7E /* Embed App Extensions */,
			);
			buildRules = (
			);
			dependencies = (
			);
			name = DrinkClock;
			productName = DrinkClock;
			productReference = 71BF06151CC4718F003DF13C /* DrinkClock.app */;
			productType = "com.apple.product-type.application";
		};
		71BF06281CC4718F003DF13C /* DrinkClockTests */ = {
			isa = PBXNativeTarget;
			buildConfigurationList = 71BF06401CC4718F003DF13C /* Build configuration list for PBXNativeTarget "DrinkClockTests" */;
			buildPhases = (
				71BF06251CC4718F003DF13C /* Sources */,
				71BF06261CC4718F003DF13C /* Frameworks */,
				71BF06271CC4718F003DF13C /* Resources */,
			);
			buildRules = (
			);
			dependencies = (
				71BF062B1CC4718F003DF13C /* PBXTargetDependency */,
			);
			name = DrinkClockTests;
			productName = DrinkClockTests;
			productReference = 71BF06291CC4718F003DF13C /* DrinkClockTests.xctest */;
			productType = "com.apple.product-type.bundle.unit-test";
		};
		71BF06331CC4718F003DF13C /* DrinkClockUITests */ = {
			isa = PBXNativeTarget;
			buildConfigurationList = 71BF06431CC4718F003DF13C /* Build configuration list for PBXNativeTarget "DrinkClockUITests" */;
			buildPhases = (
				71BF06301CC4718F003DF13C /* Sources */,
				71BF06311CC4718F003DF13C /* Frameworks */,
				71BF06321CC4718F003DF13C /* Resources */,
			);
			buildRules = (
			);
			dependencies = (
				71BF06361CC4718F003DF13C /* PBXTargetDependency */,
			);
			name = DrinkClockUITests;
			productName = DrinkClockUITests;
			productReference = 71BF06341CC4718F003DF13C /* DrinkClockUITests.xctest */;
			productType = "com.apple.product-type.bundle.ui-testing";
		};
/* End PBXNativeTarget section */

/* Begin PBXProject section */
		71BF060D1CC4718F003DF13C /* Project object */ = {
			isa = PBXProject;
			attributes = {
				LastSwiftUpdateCheck = 0730;
				LastUpgradeCheck = 0730;
				ORGANIZATIONNAME = wyz;
				TargetAttributes = {
					71BF06141CC4718F003DF13C = {
						CreatedOnToolsVersion = 7.3;
						DevelopmentTeam = A3RM8P4C6S;
						SystemCapabilities = {
							com.apple.ApplicationGroups.iOS = {
								enabled = 0;
							};
						};
					};
					71BF06281CC4718F003DF13C = {
						CreatedOnToolsVersion = 7.3;
						TestTargetID = 71BF06141CC4718F003DF13C;
					};
					71BF06331CC4718F003DF13C = {
						CreatedOnToolsVersion = 7.3;
						TestTargetID = 71BF06141CC4718F003DF13C;
					};
				};
			};
			buildConfigurationList = 71BF06101CC4718F003DF13C /* Build configuration list for PBXProject "DrinkClock" */;
			compatibilityVersion = "Xcode 3.2";
			developmentRegion = English;
			hasScannedForEncodings = 0;
			knownRegions = (
				en,
				Base,
			);
			mainGroup = 71BF060C1CC4718F003DF13C;
			productRefGroup = 71BF06161CC4718F003DF13C /* Products */;
			projectDirPath = "";
			projectRoot = "";
			targets = (
				71BF06141CC4718F003DF13C /* DrinkClock */,
				71BF06281CC4718F003DF13C /* DrinkClockTests */,
				71BF06331CC4718F003DF13C /* DrinkClockUITests */,
			);
		};
/* End PBXProject section */

/* Begin PBXResourcesBuildPhase section */
		71BF06131CC4718F003DF13C /* Resources */ = {
			isa = PBXResourcesBuildPhase;
			buildActionMask = 2147483647;
			files = (
				719A584E1CDCDF0800D26B5B /* 7.png in Resources */,
				719A58491CDCDF0800D26B5B /* 2.png in Resources */,
				712D857B1CC7331400A25D95 /* 9.caf in Resources */,
				719A583D1CDCCCD400D26B5B /* lovewater.jpg in Resources */,
				712D85791CC7331400A25D95 /* 7.caf in Resources */,
				712D85771CC7331400A25D95 /* 5.caf in Resources */,
				712D85751CC7331400A25D95 /* 3.caf in Resources */,
				719A584D1CDCDF0800D26B5B /* 6.png in Resources */,
				712D85781CC7331400A25D95 /* 6.caf in Resources */,
				719A58481CDCDF0800D26B5B /* 1.png in Resources */,
				712D85741CC7331400A25D95 /* 2.caf in Resources */,
				712D857C1CC7331400A25D95 /* 10.caf in Resources */,
				71D3A8C11CD833FC0054FCA4 /* main.storyboard in Resources */,
				719A584C1CDCDF0800D26B5B /* 5.png in Resources */,
				719A584A1CDCDF0800D26B5B /* 3.png in Resources */,
				719A584B1CDCDF0800D26B5B /* 4.png in Resources */,
				71A406991CCF03CB009ACDF6 /* drinktips.plist in Resources */,
				712D85731CC7331400A25D95 /* 1.caf in Resources */,
				71BF06231CC4718F003DF13C /* LaunchScreen.storyboard in Resources */,
				71BF06551CC4C9D5003DF13C /* Glober-xBold.ttf in Resources */,
				719A584F1CDCDF0800D26B5B /* 8.png in Resources */,
				71D3A8BB1CCF5F720054FCA4 /* garden.plist in Resources */,
				71BF06AE1CC522BF003DF13C /* drinkInfo.plist in Resources */,
				71BF06541CC4C9D5003DF13C /* Glober-SemiBold.ttf in Resources */,
				712D857A1CC7331400A25D95 /* 8.caf in Resources */,
				712D85761CC7331400A25D95 /* 4.caf in Resources */,
				71EE5E5A1CE42F3700CBC444 /* sound.plist in Resources */,
				71BF06201CC4718F003DF13C /* Assets.xcassets in Resources */,
			);
			runOnlyForDeploymentPostprocessing = 0;
		};
		71BF06271CC4718F003DF13C /* Resources */ = {
			isa = PBXResourcesBuildPhase;
			buildActionMask = 2147483647;
			files = (
			);
			runOnlyForDeploymentPostprocessing = 0;
		};
		71BF06321CC4718F003DF13C /* Resources */ = {
			isa = PBXResourcesBuildPhase;
			buildActionMask = 2147483647;
			files = (
			);
			runOnlyForDeploymentPostprocessing = 0;
		};
/* End PBXResourcesBuildPhase section */

/* Begin PBXShellScriptBuildPhase section */
		4E40FAD4B692488604FB5BD5 /* Check Pods Manifest.lock */ = {
			isa = PBXShellScriptBuildPhase;
			buildActionMask = 2147483647;
			files = (
			);
			inputPaths = (
			);
			name = "Check Pods Manifest.lock";
			outputPaths = (
			);
			runOnlyForDeploymentPostprocessing = 0;
			shellPath = /bin/sh;
			shellScript = "diff \"${PODS_ROOT}/../Podfile.lock\" \"${PODS_ROOT}/Manifest.lock\" > /dev/null\nif [[ $? != 0 ]] ; then\n    cat << EOM\nerror: The sandbox is not in sync with the Podfile.lock. Run 'pod install' or update your CocoaPods installation.\nEOM\n    exit 1\nfi\n";
			showEnvVarsInLog = 0;
		};
		506C8BB7B95B2DE35CEB0744 /* Copy Pods Resources */ = {
			isa = PBXShellScriptBuildPhase;
			buildActionMask = 2147483647;
			files = (
			);
			inputPaths = (
			);
			name = "Copy Pods Resources";
			outputPaths = (
			);
			runOnlyForDeploymentPostprocessing = 0;
			shellPath = /bin/sh;
			shellScript = "\"${SRCROOT}/Pods/Target Support Files/Pods/Pods-resources.sh\"\n";
			showEnvVarsInLog = 0;
		};
		D23E96DC59883A56E98EE495 /* Embed Pods Frameworks */ = {
			isa = PBXShellScriptBuildPhase;
			buildActionMask = 2147483647;
			files = (
			);
			inputPaths = (
			);
			name = "Embed Pods Frameworks";
			outputPaths = (
			);
			runOnlyForDeploymentPostprocessing = 0;
			shellPath = /bin/sh;
			shellScript = "\"${SRCROOT}/Pods/Target Support Files/Pods/Pods-frameworks.sh\"\n";
			showEnvVarsInLog = 0;
		};
/* End PBXShellScriptBuildPhase section */

/* Begin PBXSourcesBuildPhase section */
		71BF06111CC4718F003DF13C /* Sources */ = {
			isa = PBXSourcesBuildPhase;
			buildActionMask = 2147483647;
			files = (
				71A406571CCEEF25009ACDF6 /* DrinktipsTableViewController.swift in Sources */,
				71A4065B1CCEF0CA009ACDF6 /* FoldingCell.swift in Sources */,
				71D3A8761CCF3A990054FCA4 /* GardenTableViewController.swift in Sources */,
				71BF064E1CC47D70003DF13C /* NavigationBar.swift in Sources */,
				71A4065D1CCEF293009ACDF6 /* DrinktipsCell.swift in Sources */,
				71D3A8BF1CD833D50054FCA4 /* PlanViewController.swift in Sources */,
				71BF061B1CC4718F003DF13C /* HomeViewController.swift in Sources */,
				71B2014C1CCC6EFF00404383 /* NotificationManager.swift in Sources */,
				71BF064C1CC47D04003DF13C /* NavigationController.swift in Sources */,
				7138DCB11CDAE5F6005149B8 /* DrinkViewController.swift in Sources */,
				71BF06AC1CC51E65003DF13C /* Constant.swift in Sources */,
				712D84891CC5D8CE00A25D95 /* AddReminderViewController.swift in Sources */,
				712D848D1CC60C4C00A25D95 /* AddInputCell.swift in Sources */,
				712D84911CC658E100A25D95 /* DatePickerView.swift in Sources */,
				712D85661CC732E700A25D95 /* VoicePickerView.swift in Sources */,
				712D84871CC5D19000A25D95 /* RemindCell.swift in Sources */,
				71A405911CCDAF6B009ACDF6 /* MenuViewController.swift in Sources */,
				712D848F1CC6198400A25D95 /* AddDetailCell.swift in Sources */,
				71BF06571CC4CF17003DF13C /* UIImage+Category.swift in Sources */,
				712D848B1CC5F68B00A25D95 /* AddTextField.swift in Sources */,
				71BF06191CC4718F003DF13C /* AppDelegate.swift in Sources */,
				71D3A87F1CCF5AD30054FCA4 /* GardenCell.swift in Sources */,
				71A405D51CCDEA92009ACDF6 /* TitleView.swift in Sources */,
				71BF06501CC4AFA9003DF13C /* InfoViewController.swift in Sources */,
				71A405931CCDC3CD009ACDF6 /* MenuCell.swift in Sources */,
				71BF06B01CC52F08003DF13C /* TitleSwitchView.swift in Sources */,
				712D84851CC5C7F200A25D95 /* RemindTableViewController.swift in Sources */,
				71BF064A1CC479B9003DF13C /* UIBarButtonItem+Category.swift in Sources */,
				712D857E1CC7678300A25D95 /* Reminder.swift in Sources */,
				712D84931CC671D800A25D95 /* RepeatPickerView.swift in Sources */,
			);
			runOnlyForDeploymentPostprocessing = 0;
		};
		71BF06251CC4718F003DF13C /* Sources */ = {
			isa = PBXSourcesBuildPhase;
			buildActionMask = 2147483647;
			files = (
				71BF062E1CC4718F003DF13C /* DrinkClockTests.swift in Sources */,
			);
			runOnlyForDeploymentPostprocessing = 0;
		};
		71BF06301CC4718F003DF13C /* Sources */ = {
			isa = PBXSourcesBuildPhase;
			buildActionMask = 2147483647;
			files = (
				71BF06391CC4718F003DF13C /* DrinkClockUITests.swift in Sources */,
			);
			runOnlyForDeploymentPostprocessing = 0;
		};
/* End PBXSourcesBuildPhase section */

/* Begin PBXTargetDependency section */
		71BF062B1CC4718F003DF13C /* PBXTargetDependency */ = {
			isa = PBXTargetDependency;
			target = 71BF06141CC4718F003DF13C /* DrinkClock */;
			targetProxy = 71BF062A1CC4718F003DF13C /* PBXContainerItemProxy */;
		};
		71BF06361CC4718F003DF13C /* PBXTargetDependency */ = {
			isa = PBXTargetDependency;
			target = 71BF06141CC4718F003DF13C /* DrinkClock */;
			targetProxy = 71BF06351CC4718F003DF13C /* PBXContainerItemProxy */;
		};
/* End PBXTargetDependency section */

/* Begin PBXVariantGroup section */
		71BF06211CC4718F003DF13C /* LaunchScreen.storyboard */ = {
			isa = PBXVariantGroup;
			children = (
				71BF06221CC4718F003DF13C /* Base */,
			);
			name = LaunchScreen.storyboard;
			sourceTree = "<group>";
		};
/* End PBXVariantGroup section */

/* Begin XCBuildConfiguration section */
		71BF063B1CC4718F003DF13C /* Debug */ = {
			isa = XCBuildConfiguration;
			buildSettings = {
				ALWAYS_SEARCH_USER_PATHS = NO;
				CLANG_ANALYZER_NONNULL = YES;
				CLANG_CXX_LANGUAGE_STANDARD = "gnu++0x";
				CLANG_CXX_LIBRARY = "libc++";
				CLANG_ENABLE_MODULES = YES;
				CLANG_ENABLE_OBJC_ARC = YES;
				CLANG_WARN_BOOL_CONVERSION = YES;
				CLANG_WARN_CONSTANT_CONVERSION = YES;
				CLANG_WARN_DIRECT_OBJC_ISA_USAGE = YES_ERROR;
				CLANG_WARN_EMPTY_BODY = YES;
				CLANG_WARN_ENUM_CONVERSION = YES;
				CLANG_WARN_INT_CONVERSION = YES;
				CLANG_WARN_OBJC_ROOT_CLASS = YES_ERROR;
				CLANG_WARN_UNREACHABLE_CODE = YES;
				CLANG_WARN__DUPLICATE_METHOD_MATCH = YES;
				"CODE_SIGN_IDENTITY[sdk=iphoneos*]" = "iPhone Developer";
				COPY_PHASE_STRIP = NO;
				DEBUG_INFORMATION_FORMAT = dwarf;
				ENABLE_STRICT_OBJC_MSGSEND = YES;
				ENABLE_TESTABILITY = YES;
				GCC_C_LANGUAGE_STANDARD = gnu99;
				GCC_DYNAMIC_NO_PIC = NO;
				GCC_NO_COMMON_BLOCKS = YES;
				GCC_OPTIMIZATION_LEVEL = 0;
				GCC_PREPROCESSOR_DEFINITIONS = (
					"DEBUG=1",
					"$(inherited)",
				);
				GCC_WARN_64_TO_32_BIT_CONVERSION = YES;
				GCC_WARN_ABOUT_RETURN_TYPE = YES_ERROR;
				GCC_WARN_UNDECLARED_SELECTOR = YES;
				GCC_WARN_UNINITIALIZED_AUTOS = YES_AGGRESSIVE;
				GCC_WARN_UNUSED_FUNCTION = YES;
				GCC_WARN_UNUSED_VARIABLE = YES;
				IPHONEOS_DEPLOYMENT_TARGET = 9.3;
				MTL_ENABLE_DEBUG_INFO = YES;
				ONLY_ACTIVE_ARCH = YES;
				SDKROOT = iphoneos;
				SWIFT_OPTIMIZATION_LEVEL = "-Onone";
			};
			name = Debug;
		};
		71BF063C1CC4718F003DF13C /* Release */ = {
			isa = XCBuildConfiguration;
			buildSettings = {
				ALWAYS_SEARCH_USER_PATHS = NO;
				CLANG_ANALYZER_NONNULL = YES;
				CLANG_CXX_LANGUAGE_STANDARD = "gnu++0x";
				CLANG_CXX_LIBRARY = "libc++";
				CLANG_ENABLE_MODULES = YES;
				CLANG_ENABLE_OBJC_ARC = YES;
				CLANG_WARN_BOOL_CONVERSION = YES;
				CLANG_WARN_CONSTANT_CONVERSION = YES;
				CLANG_WARN_DIRECT_OBJC_ISA_USAGE = YES_ERROR;
				CLANG_WARN_EMPTY_BODY = YES;
				CLANG_WARN_ENUM_CONVERSION = YES;
				CLANG_WARN_INT_CONVERSION = YES;
				CLANG_WARN_OBJC_ROOT_CLASS = YES_ERROR;
				CLANG_WARN_UNREACHABLE_CODE = YES;
				CLANG_WARN__DUPLICATE_METHOD_MATCH = YES;
				"CODE_SIGN_IDENTITY[sdk=iphoneos*]" = "iPhone Developer";
				COPY_PHASE_STRIP = NO;
				DEBUG_INFORMATION_FORMAT = "dwarf-with-dsym";
				ENABLE_NS_ASSERTIONS = NO;
				ENABLE_STRICT_OBJC_MSGSEND = YES;
				GCC_C_LANGUAGE_STANDARD = gnu99;
				GCC_NO_COMMON_BLOCKS = YES;
				GCC_WARN_64_TO_32_BIT_CONVERSION = YES;
				GCC_WARN_ABOUT_RETURN_TYPE = YES_ERROR;
				GCC_WARN_UNDECLARED_SELECTOR = YES;
				GCC_WARN_UNINITIALIZED_AUTOS = YES_AGGRESSIVE;
				GCC_WARN_UNUSED_FUNCTION = YES;
				GCC_WARN_UNUSED_VARIABLE = YES;
				IPHONEOS_DEPLOYMENT_TARGET = 9.3;
				MTL_ENABLE_DEBUG_INFO = NO;
				SDKROOT = iphoneos;
				VALIDATE_PRODUCT = YES;
			};
			name = Release;
		};
		71BF063E1CC4718F003DF13C /* Debug */ = {
			isa = XCBuildConfiguration;
			baseConfigurationReference = FC198A806AF2E7EFA3E8BBD1 /* Pods.debug.xcconfig */;
			buildSettings = {
				ASSETCATALOG_COMPILER_APPICON_NAME = AppIcon;
				CODE_SIGN_ENTITLEMENTS = "";
				INFOPLIST_FILE = DrinkClock/Info.plist;
				IPHONEOS_DEPLOYMENT_TARGET = 8.0;
				LD_RUNPATH_SEARCH_PATHS = "$(inherited) @executable_path/Frameworks";
				PRODUCT_BUNDLE_IDENTIFIER = cn.yz.DrinkClock;
				PRODUCT_NAME = "$(TARGET_NAME)";
				SWIFT_OBJC_BRIDGING_HEADER = "";
				TARGETED_DEVICE_FAMILY = 1;
			};
			name = Debug;
		};
		71BF063F1CC4718F003DF13C /* Release */ = {
			isa = XCBuildConfiguration;
			baseConfigurationReference = 03B32D764B6B2F745903BA80 /* Pods.release.xcconfig */;
			buildSettings = {
				ASSETCATALOG_COMPILER_APPICON_NAME = AppIcon;
				CODE_SIGN_ENTITLEMENTS = "";
				INFOPLIST_FILE = DrinkClock/Info.plist;
				IPHONEOS_DEPLOYMENT_TARGET = 8.0;
				LD_RUNPATH_SEARCH_PATHS = "$(inherited) @executable_path/Frameworks";
				PRODUCT_BUNDLE_IDENTIFIER = cn.yz.DrinkClock;
				PRODUCT_NAME = "$(TARGET_NAME)";
				SWIFT_OBJC_BRIDGING_HEADER = "";
				TARGETED_DEVICE_FAMILY = 1;
			};
			name = Release;
		};
		71BF06411CC4718F003DF13C /* Debug */ = {
			isa = XCBuildConfiguration;
			buildSettings = {
				BUNDLE_LOADER = "$(TEST_HOST)";
				INFOPLIST_FILE = DrinkClockTests/Info.plist;
				LD_RUNPATH_SEARCH_PATHS = "$(inherited) @executable_path/Frameworks @loader_path/Frameworks";
				PRODUCT_BUNDLE_IDENTIFIER = cn.yz.DrinkClockTests;
				PRODUCT_NAME = "$(TARGET_NAME)";
				TEST_HOST = "$(BUILT_PRODUCTS_DIR)/DrinkClock.app/DrinkClock";
			};
			name = Debug;
		};
		71BF06421CC4718F003DF13C /* Release */ = {
			isa = XCBuildConfiguration;
			buildSettings = {
				BUNDLE_LOADER = "$(TEST_HOST)";
				INFOPLIST_FILE = DrinkClockTests/Info.plist;
				LD_RUNPATH_SEARCH_PATHS = "$(inherited) @executable_path/Frameworks @loader_path/Frameworks";
				PRODUCT_BUNDLE_IDENTIFIER = cn.yz.DrinkClockTests;
				PRODUCT_NAME = "$(TARGET_NAME)";
				TEST_HOST = "$(BUILT_PRODUCTS_DIR)/DrinkClock.app/DrinkClock";
			};
			name = Release;
		};
		71BF06441CC4718F003DF13C /* Debug */ = {
			isa = XCBuildConfiguration;
			buildSettings = {
				INFOPLIST_FILE = DrinkClockUITests/Info.plist;
				LD_RUNPATH_SEARCH_PATHS = "$(inherited) @executable_path/Frameworks @loader_path/Frameworks";
				PRODUCT_BUNDLE_IDENTIFIER = cn.yz.DrinkClockUITests;
				PRODUCT_NAME = "$(TARGET_NAME)";
				TEST_TARGET_NAME = DrinkClock;
			};
			name = Debug;
		};
		71BF06451CC4718F003DF13C /* Release */ = {
			isa = XCBuildConfiguration;
			buildSettings = {
				INFOPLIST_FILE = DrinkClockUITests/Info.plist;
				LD_RUNPATH_SEARCH_PATHS = "$(inherited) @executable_path/Frameworks @loader_path/Frameworks";
				PRODUCT_BUNDLE_IDENTIFIER = cn.yz.DrinkClockUITests;
				PRODUCT_NAME = "$(TARGET_NAME)";
				TEST_TARGET_NAME = DrinkClock;
			};
			name = Release;
		};
/* End XCBuildConfiguration section */

/* Begin XCConfigurationList section */
		71BF06101CC4718F003DF13C /* Build configuration list for PBXProject "DrinkClock" */ = {
			isa = XCConfigurationList;
			buildConfigurations = (
				71BF063B1CC4718F003DF13C /* Debug */,
				71BF063C1CC4718F003DF13C /* Release */,
			);
			defaultConfigurationIsVisible = 0;
			defaultConfigurationName = Release;
		};
		71BF063D1CC4718F003DF13C /* Build configuration list for PBXNativeTarget "DrinkClock" */ = {
			isa = XCConfigurationList;
			buildConfigurations = (
				71BF063E1CC4718F003DF13C /* Debug */,
				71BF063F1CC4718F003DF13C /* Release */,
			);
			defaultConfigurationIsVisible = 0;
			defaultConfigurationName = Release;
		};
		71BF06401CC4718F003DF13C /* Build configuration list for PBXNativeTarget "DrinkClockTests" */ = {
			isa = XCConfigurationList;
			buildConfigurations = (
				71BF06411CC4718F003DF13C /* Debug */,
				71BF06421CC4718F003DF13C /* Release */,
			);
			defaultConfigurationIsVisible = 0;
			defaultConfigurationName = Release;
		};
		71BF06431CC4718F003DF13C /* Build configuration list for PBXNativeTarget "DrinkClockUITests" */ = {
			isa = XCConfigurationList;
			buildConfigurations = (
				71BF06441CC4718F003DF13C /* Debug */,
				71BF06451CC4718F003DF13C /* Release */,
			);
			defaultConfigurationIsVisible = 0;
			defaultConfigurationName = Release;
		};
/* End XCConfigurationList section */
	};
	rootObject = 71BF060D1CC4718F003DF13C /* Project object */;
}
